github.com/agl/ed25519 v0.0.0-20170116200512-5312a6153412 h1:w1UutsfOrms1J05zt7ISrnJIXKzwaspym5BTKGx93EI=
github.com/agl/ed25519 v0.0.0-20170116200512-5312a6153412/go.mod h1:WPjqKcmVOxf0XSf3YxCJs6N6AOSrOx3obionmG7T0y0=
github.com/davecgh/go-spew v1.1.1 h1:vj9j/u1bqnvCEfJOwUhtlOARqs3+rkHYY13jYWTU97c=
github.com/davecgh/go-spew v1.1.1/go.mod h1:J7Y8YcW2NihsgmVo/mv3lAwl/skON4iLHjSsI+c5H38=
github.com/dchest/siphash v1.2.3 h1:QXwFc8cFOR2dSa/gE6o/HokBMWtLUaNDVd+22aKHeEA=
github.com/dchest/siphash v1.2.3/go.mod h1:0NvQU092bT0ipiFN++/rXm69QG9tVxLAlQHIXMPAkHc=
github.com/decred/base58 v1.0.6 h1:NXndBcO+ubGZORV3EulvqeBcMuQM7doqVGa7pBhMOs4=
github.com/decred/base58 v1.0.6/go.mod h1:KR7Oh9njDPXTagD4P67KJZwroL8jT653u8CffkYqhcQ=
github.com/decred/dcrd/crypto/blake256 v1.1.0 h1:zPMNGQCm0g4QTY27fOCorQW7EryeQ/U0x++OzVrdms8=
github.com/decred/dcrd/crypto/blake256 v1.1.0/go.mod h1:2OfgNZ5wDpcsFmHmCK5gZTPcCXqlm2ArzUIkw9czNJo=
github.com/decred/go-socks v1.1.0 h1:dnENcc0KIqQo3HSXdgboXAHgqsCIutkqq6ntQjYtm2U=
github.com/decred/go-socks v1.1.0/go.mod h1:sDhHqkZH0X4JjSa02oYOGhcGHYp12FsY1jQ/meV8md0=
github.com/decred/slog v1.2.0 h1:soHAxV52B54Di3WtKLfPum9OFfWqwtf/ygf9njdfnPM=
github.com/decred/slog v1.2.0/go.mod h1:kVXlGnt6DHy2fV5OjSeuvCJ0OmlmTF6LFpEPMu/fOY0=
github.com/jessevdk/go-flags v1.6.1 h1:Cvu5U8UGrLay1rZfv/zP7iLpSHGUZ/Ou68T0iX1bBK4=
github.com/jessevdk/go-flags v1.6.1/go.mod h1:Mk8T1hIAWpOiJiHa9rJASDK2UGWji0EuPGBnNLMooyc=
github.com/klauspost/cpuid/v2 v2.2.8 h1:+StwCXwm9PdpiEkPyzBXIy+M9KUb4ODm0Zarf1kS5BM=
github.com/klauspost/cpuid/v2 v2.2.8/go.mod h1:Lcz8mBdAVJIBVzewtcLocK12l3Y+JytZYpaMropDUws=
github.com/monetarium/monetarium-node/chaincfg v1.0.14 h1:Cs+0xoIqA6cQr0V6cGoPA1d+NusJEShmTq/Bs2+3bG8=
github.com/monetarium/monetarium-node/chaincfg v1.0.14/go.mod h1:AlIruAK4tSiR3vKq+apPYUUYsIJzdx2XS8HuhcmQnpY=
github.com/monetarium/monetarium-node/chaincfg/chainhash v1.0.14 h1:x/5AsyR8N2H/Hl2c1KAC1BU9PFlwH3kTPT8b/wP5FuI=
github.com/monetarium/monetarium-node/chaincfg/chainhash v1.0.14/go.mod h1:cqnSD4BRqRNBWsMMUERlzpQWHJdF7TPYvmZUBnCXEYo=
github.com/monetarium/monetarium-node/cointype v1.0.14 h1:IbtK+9p9PhQyi1RLokiiDrms7bCR31WcSjOapnHEAv0=
github.com/monetarium/monetarium-node/cointype v1.0.14/go.mod h1:yhixKskK9FBKjKoH07NzgvEGPCOjW5iaLhgtfAO7808=
github.com/monetarium/monetarium-node/crypto/blake256 v1.0.14 h1:k9pUeDsNPYVBBmq7d7yiX4SZf7kisGr/NHrOi5mS3LY=
github.com/monetarium/monetarium-node/crypto/blake256 v1.0.14/go.mod h1:+dUk+/kJYZCEfhySioeBRQD7l8yHVm3Q3g7Gd3lRjHk=
github.com/monetarium/monetarium-node/crypto/rand v1.0.14 h1:JBdTiU2K2dJnVYxzCsCVfKXb2SOeExHUj7Cx2mc2sds=
github.com/monetarium/monetarium-node/crypto/rand v1.0.14/go.mod h1:3fOYD2Kid37bBjUuVa0lZEIcHE8pFs7D2eNz4vdTo88=
github.com/monetarium/monetarium-node/crypto/ripemd160 v1.0.14 h1:xpK7PzO2adqVtPj6oGvPChEiAkhVxQLzXpvSV/bFUW8=
github.com/monetarium/monetarium-node/crypto/ripemd160 v1.0.14/go.mod h1:5IaiDGHDPLi+4j30Ik9PwBthqhjhXGw54gCL3uU7dNo=
github.com/monetarium/monetarium-node/dcrec v1.0.14 h1:1rsP/V6BdpQPyVVuJ1gvE/OUo9LZ0rM7KFRr65rAv8M=
github.com/monetarium/monetarium-node/dcrec v1.0.14/go.mod h1:raW6YB1vSdu7TzY3x0usHwV4jZket1Oh9Wt4mGF/h7w=
github.com/monetarium/monetarium-node/dcrec/edwards v1.0.14 h1:syGhDDpLPtvFnGxTAhV1LkHd6rEhH9hvpqg6/93+1O8=
github.com/monetarium/monetarium-node/dcrec/edwards v1.0.14/go.mod h1:Kzwc/nI7WKGdxw5+Si6Se9MdIe9WxGPebAWpjfYeLV8=
github.com/monetarium/monetarium-node/dcrec/secp256k1 v1.0.14 h1:VZ3hJmuAqZTEKDRROZnwl+ekvaCgwuUI+mWflAOUCZM=
github.com/monetarium/monetarium-node/dcrec/secp256k1 v1.0.14/go.mod h1:1CZzOJ6ELqDkKQTQZzIs8JbdRmDqYshcd2OlXd+mKuw=
github.com/monetarium/monetarium-node/dcrjson v1.0.14 h1:xNMkA+C39UJD1OB0ySEfTggfUQanoHa5N5Bdm77n2Ho=
github.com/monetarium/monetarium-node/dcrjson v1.0.14/go.mod h1:6cS7FAAiGxv6WPR1t4T20BuGQ0+7PfVADx+cXHDubWw=
github.com/monetarium/monetarium-node/dcrutil v1.0.14 h1:12T7GHNGWhk3hF6J/YKu9GyXwaptTG1tbLwnQ3UakQ0=
github.com/monetarium/monetarium-node/dcrutil v1.0.14/go.mod h1:YxAN7XhrvaYip0ZvzUVBCtRa8qwewUi6ADk4lpBnZZY=
github.com/monetarium/monetarium-node/rpc/jsonrpc/types v1.0.14 h1:Hq5pUNbTGBRYNDMiTAtmpG/JcILMBSTE6sAXKAt18Dc=
github.com/monetarium/monetarium-node/rpc/jsonrpc/types v1.0.14/go.mod h1:lJUghWppiqZpUBpckaSK2nGv4xbA6OGAH8PO945Bd+8=
github.com/monetarium/monetarium-node/txscript v1.0.14 h1:Us/50kz6Wlzscs9rS/9MnTnIwfOCW98s05OQw9u74ks=
github.com/monetarium/monetarium-node/txscript v1.0.14/go.mod h1:PipZe82hMuI4E2myRODLLrQEPI1oIiAVjWP2SRlfWBc=
github.com/monetarium/monetarium-node/wire v1.0.14 h1:1eJ3lY5Q+v+qgiTPQ9zxD2APT0DHg58Y/pjRzcMdKKo=
github.com/monetarium/monetarium-node/wire v1.0.14/go.mod h1:Tv2T1CrANm40dp2RgZV2jCqooUG2HBVcqrcS4/MwbBs=
github.com/monetarium/monetarium-wallet v1.0.14 h1:i/aLZ6Y1uZvKWMcyD5y/Q4WV8KWl+mpyTXnxw00Q6js=
github.com/monetarium/monetarium-wallet v1.0.14/go.mod h1:4LrqeOVOhNXIgBjm52L6Onp9haBeLx7stofRR8+uulk=
golang.org/x/crypto v0.33.0 h1:IOBPskki6Lysi0lo9qQvbxiQ+FvsCC/YWOecCHAixus=
golang.org/x/crypto v0.33.0/go.mod h1:bVdXmD7IV/4GdElGPozy6U7lWdRXA4qyRVGJV57uQ5M=
golang.org/x/sys v0.5.0/go.mod h1:oPkhp1MJrh7nUepCBck5+mAzfO9JrbApNNgaTdGDITg=
golang.org/x/sys v0.30.0 h1:QjkSwP/36a20jFYWkSue1YwXzLmsV5Gfq7Eiy72C1uc=
golang.org/x/sys v0.30.0/go.mod h1:/VUhepiaJMQUp4+oa/7Zr1D23ma6VTLIYjOOTFZPUcA=
lukechampine.com/blake3 v1.3.0 h1:sJ3XhFINmHSrYCgl958hscfIa3bw8x4DqMP3u1YvoYE=
lukechampine.com/blake3 v1.3.0/go.mod h1:0OFRp7fBtAylGVCO40o87sbupkyIGgbpv1+M1k1LM6k=
