github.com/agl/ed25519 v0.0.0-20170116200512-5312a6153412 h1:w1UutsfOrms1J05zt7ISrnJIXKzwaspym5BTKGx93EI=
github.com/agl/ed25519 v0.0.0-20170116200512-5312a6153412/go.mod h1:WPjqKcmVOxf0XSf3YxCJs6N6AOSrOx3obionmG7T0y0=
github.com/davecgh/go-spew v1.1.1 h1:vj9j/u1bqnvCEfJOwUhtlOARqs3+rkHYY13jYWTU97c=
github.com/davecgh/go-spew v1.1.1/go.mod h1:J7Y8YcW2NihsgmVo/mv3lAwl/skON4iLHjSsI+c5H38=
github.com/dchest/siphash v1.2.3 h1:QXwFc8cFOR2dSa/gE6o/HokBMWtLUaNDVd+22aKHeEA=
github.com/dchest/siphash v1.2.3/go.mod h1:0NvQU092bT0ipiFN++/rXm69QG9tVxLAlQHIXMPAkHc=
github.com/decred/base58 v1.0.6 h1:NXndBcO+ubGZORV3EulvqeBcMuQM7doqVGa7pBhMOs4=
github.com/decred/base58 v1.0.6/go.mod h1:KR7Oh9njDPXTagD4P67KJZwroL8jT653u8CffkYqhcQ=
github.com/decred/dcrd/crypto/blake256 v1.1.0 h1:zPMNGQCm0g4QTY27fOCorQW7EryeQ/U0x++OzVrdms8=
github.com/decred/dcrd/crypto/blake256 v1.1.0/go.mod h1:2OfgNZ5wDpcsFmHmCK5gZTPcCXqlm2ArzUIkw9czNJo=
github.com/decred/go-socks v1.1.0 h1:dnENcc0KIqQo3HSXdgboXAHgqsCIutkqq6ntQjYtm2U=
github.com/decred/go-socks v1.1.0/go.mod h1:sDhHqkZH0X4JjSa02oYOGhcGHYp12FsY1jQ/meV8md0=
github.com/decred/slog v1.2.0 h1:soHAxV52B54Di3WtKLfPum9OFfWqwtf/ygf9njdfnPM=
github.com/decred/slog v1.2.0/go.mod h1:kVXlGnt6DHy2fV5OjSeuvCJ0OmlmTF6LFpEPMu/fOY0=
github.com/jessevdk/go-flags v1.6.1 h1:Cvu5U8UGrLay1rZfv/zP7iLpSHGUZ/Ou68T0iX1bBK4=
github.com/jessevdk/go-flags v1.6.1/go.mod h1:Mk8T1hIAWpOiJiHa9rJASDK2UGWji0EuPGBnNLMooyc=
github.com/klauspost/cpuid/v2 v2.2.8 h1:+StwCXwm9PdpiEkPyzBXIy+M9KUb4ODm0Zarf1kS5BM=
github.com/klauspost/cpuid/v2 v2.2.8/go.mod h1:Lcz8mBdAVJIBVzewtcLocK12l3Y+JytZYpaMropDUws=
github.com/monetarium/monetarium-node/chaincfg v1.0.20 h1:guLZr3LUZcvWn1DHMz9SYs716Y2pNuOBYy/ObD53LIo=
github.com/monetarium/monetarium-node/chaincfg v1.0.20/go.mod h1:AlIruAK4tSiR3vKq+apPYUUYsIJzdx2XS8HuhcmQnpY=
github.com/monetarium/monetarium-node/chaincfg/chainhash v1.0.20 h1:J2fXOquHbRbY/H+YmFEvPcwqYqkYFOMOj2Hu/VL+hoY=
github.com/monetarium/monetarium-node/chaincfg/chainhash v1.0.20/go.mod h1:cqnSD4BRqRNBWsMMUERlzpQWHJdF7TPYvmZUBnCXEYo=
github.com/monetarium/monetarium-node/cointype v1.0.20 h1:ktlF3pL0M/mQxMdoWFmgbrsrGiUMqPYsMY3kXHwNytw=
github.com/monetarium/monetarium-node/cointype v1.0.20/go.mod h1:yhixKskK9FBKjKoH07NzgvEGPCOjW5iaLhgtfAO7808=
github.com/monetarium/monetarium-node/crypto/blake256 v1.0.20 h1:4VG8HeSUf9vmm+oWt4blDkPh/cmeJc3afH5s/g8Y+1k=
github.com/monetarium/monetarium-node/crypto/blake256 v1.0.20/go.mod h1:+dUk+/kJYZCEfhySioeBRQD7l8yHVm3Q3g7Gd3lRjHk=
github.com/monetarium/monetarium-node/crypto/rand v1.0.20 h1:pdxvOjdF93aiNy4dGKYx7Em6ELQu/IIzj7JdcqAmGiI=
github.com/monetarium/monetarium-node/crypto/rand v1.0.20/go.mod h1:3fOYD2Kid37bBjUuVa0lZEIcHE8pFs7D2eNz4vdTo88=
github.com/monetarium/monetarium-node/crypto/ripemd160 v1.0.20 h1:grgYoheyWBjgdITBiKJGS5Dt4XluhoYwfDNs37lh5hU=
github.com/monetarium/monetarium-node/crypto/ripemd160 v1.0.20/go.mod h1:5IaiDGHDPLi+4j30Ik9PwBthqhjhXGw54gCL3uU7dNo=
github.com/monetarium/monetarium-node/dcrec v1.0.20 h1:+Zw825GgjiJTcVEklStAF2KoTi5IaQFg0odAubehchk=
github.com/monetarium/monetarium-node/dcrec v1.0.20/go.mod h1:raW6YB1vSdu7TzY3x0usHwV4jZket1Oh9Wt4mGF/h7w=
github.com/monetarium/monetarium-node/dcrec/edwards v1.0.20 h1:7Qwk4zoX73vo7pjO1KK4FTxNfkAtLziDlXPJKQNeqkI=
github.com/monetarium/monetarium-node/dcrec/edwards v1.0.20/go.mod h1:Kzwc/nI7WKGdxw5+Si6Se9MdIe9WxGPebAWpjfYeLV8=
github.com/monetarium/monetarium-node/dcrec/secp256k1 v1.0.20 h1:8fh3NeBK5AfVFFZLi83e7+sgUWLFtyRYRVHGJ2nceEE=
github.com/monetarium/monetarium-node/dcrec/secp256k1 v1.0.20/go.mod h1:1CZzOJ6ELqDkKQTQZzIs8JbdRmDqYshcd2OlXd+mKuw=
github.com/monetarium/monetarium-node/dcrjson v1.0.20 h1:UI/sArBF1V+kqRshzC5GiqjVvKk4aO7IjVhPwZb8q3U=
github.com/monetarium/monetarium-node/dcrjson v1.0.20/go.mod h1:6cS7FAAiGxv6WPR1t4T20BuGQ0+7PfVADx+cXHDubWw=
github.com/monetarium/monetarium-node/dcrutil v1.0.20 h1:VnrGLf+7Zd9y5i0MWo4Rd2nBfFFEROLf24ov2L0RlmM=
github.com/monetarium/monetarium-node/dcrutil v1.0.20/go.mod h1:YxAN7XhrvaYip0ZvzUVBCtRa8qwewUi6ADk4lpBnZZY=
github.com/monetarium/monetarium-node/rpc/jsonrpc/types v1.0.20 h1:HaaBWc3TrTNAWoYhQIvhjy+cAglVn3u7yUbAl16lJKU=
github.com/monetarium/monetarium-node/rpc/jsonrpc/types v1.0.20/go.mod h1:lJUghWppiqZpUBpckaSK2nGv4xbA6OGAH8PO945Bd+8=
github.com/monetarium/monetarium-node/txscript v1.0.20 h1:/Q3Bj6+RscyQKqDKXqSy9KOA2Z13qCTOo7EAu4sWlPw=
github.com/monetarium/monetarium-node/txscript v1.0.20/go.mod h1:PipZe82hMuI4E2myRODLLrQEPI1oIiAVjWP2SRlfWBc=
github.com/monetarium/monetarium-node/wire v1.0.20 h1:1CIm38wn5MES73hqbzDClwZmbtqNXXEGr3i0y+liZqQ=
github.com/monetarium/monetarium-node/wire v1.0.20/go.mod h1:Tv2T1CrANm40dp2RgZV2jCqooUG2HBVcqrcS4/MwbBs=
github.com/monetarium/monetarium-wallet v1.0.20 h1:yc/3ge2ee0F7E9Jf7czm46BBipgdlptFD9f+HRHhcL4=
github.com/monetarium/monetarium-wallet v1.0.20/go.mod h1:j2FaWqHKJZ9IB+k8J9sBiKtTb5hmMObRUhz95The89M=
golang.org/x/crypto v0.33.0 h1:IOBPskki6Lysi0lo9qQvbxiQ+FvsCC/YWOecCHAixus=
golang.org/x/crypto v0.33.0/go.mod h1:bVdXmD7IV/4GdElGPozy6U7lWdRXA4qyRVGJV57uQ5M=
golang.org/x/sys v0.5.0/go.mod h1:oPkhp1MJrh7nUepCBck5+mAzfO9JrbApNNgaTdGDITg=
golang.org/x/sys v0.30.0 h1:QjkSwP/36a20jFYWkSue1YwXzLmsV5Gfq7Eiy72C1uc=
golang.org/x/sys v0.30.0/go.mod h1:/VUhepiaJMQUp4+oa/7Zr1D23ma6VTLIYjOOTFZPUcA=
lukechampine.com/blake3 v1.3.0 h1:sJ3XhFINmHSrYCgl958hscfIa3bw8x4DqMP3u1YvoYE=
lukechampine.com/blake3 v1.3.0/go.mod h1:0OFRp7fBtAylGVCO40o87sbupkyIGgbpv1+M1k1LM6k=
